
Microsoft Visual Studio Solution File, Format Version 12.00
# Visual Studio Express 15 for Windows Desktop
VisualStudioVersion = 15.0.28010.2050
MinimumVisualStudioVersion = 10.0.40219.1
Project("{FAE04EC0-301F-11D3-BF4B-00C04F79EFBC}") = "UI", "UI\UI.csproj", "{AF1A1008-7414-4BBD-B4D6-8AA3958EB5E7}"
EndProject
Project("{FAE04EC0-301F-11D3-BF4B-00C04F79EFBC}") = "BLL", "BLL\BLL.csproj", "{A668E27A-6C14-46E3-8A76-1FBFC200A302}"
EndProject
Project("{FAE04EC0-301F-11D3-BF4B-00C04F79EFBC}") = "DAL", "DAL\DAL.csproj", "{483E9579-D40A-45AB-98B5-0E955D7821F6}"
EndProject
Global
	GlobalSection(SolutionConfigurationPlatforms) = preSolution
		Debug|Any CPU = Debug|Any CPU
		Release|Any CPU = Release|Any CPU
	EndGlobalSection
	GlobalSection(ProjectConfigurationPlatforms) = postSolution
		{AF1A1008-7414-4BBD-B4D6-8AA3958EB5E7}.Debug|Any CPU.ActiveCfg = Debug|Any CPU
		{AF1A1008-7414-4BBD-B4D6-8AA3958EB5E7}.Debug|Any CPU.Build.0 = Debug|Any CPU
		{AF1A1008-7414-4BBD-B4D6-8AA3958EB5E7}.Release|Any CPU.ActiveCfg = Release|Any CPU
		{AF1A1008-7414-4BBD-B4D6-8AA3958EB5E7}.Release|Any CPU.Build.0 = Release|Any CPU
		{A668E27A-6C14-46E3-8A76-1FBFC200A302}.Debug|Any CPU.ActiveCfg = Debug|Any CPU
		{A668E27A-6C14-46E3-8A76-1FBFC200A302}.Debug|Any CPU.Build.0 = Debug|Any CPU
		{A668E27A-6C14-46E3-8A76-1FBFC200A302}.Release|Any CPU.ActiveCfg = Release|Any CPU
		{A668E27A-6C14-46E3-8A76-1FBFC200A302}.Release|Any CPU.Build.0 = Release|Any CPU
		{483E9579-D40A-45AB-98B5-0E955D7821F6}.Debug|Any CPU.ActiveCfg = Debug|Any CPU
		{483E9579-D40A-45AB-98B5-0E955D7821F6}.Debug|Any CPU.Build.0 = Debug|Any CPU
		{483E9579-D40A-45AB-98B5-0E955D7821F6}.Release|Any CPU.ActiveCfg = Release|Any CPU
		{483E9579-D40A-45AB-98B5-0E955D7821F6}.Release|Any CPU.Build.0 = Release|Any CPU
	EndGlobalSection
	GlobalSection(SolutionProperties) = preSolution
		HideSolutionNode = FALSE
	EndGlobalSection
	GlobalSection(ExtensibilityGlobals) = postSolution
		SolutionGuid = {642B8F00-F686-426A-A1E2-216F2D62CD5E}
	EndGlobalSection
EndGlobal
